
Microsoft Visual Studio Solution File, Format Version 12.00
# Visual Studio 15
VisualStudioVersion = 15.0.27703.2035
MinimumVisualStudioVersion = 10.0.40219.1
Project("{8BC9CEB8-8B4A-11D0-8D11-00A0C91BC942}") = "floor1", "floor1\floor1.vcxproj", "{5389E6F1-227A-455C-BBE3-296FD8F12377}"
EndProject
Global
	GlobalSection(SolutionConfigurationPlatforms) = preSolution
		Debug|x64 = Debug|x64
		Debug|x86 = Debug|x86
		Release|x64 = Release|x64
		Release|x86 = Release|x86
	EndGlobalSection
	GlobalSection(ProjectConfigurationPlatforms) = postSolution
		{5389E6F1-227A-455C-BBE3-296FD8F12377}.Debug|x64.ActiveCfg = Debug|x64
		{5389E6F1-227A-455C-BBE3-296FD8F12377}.Debug|x64.Build.0 = Debug|x64
		{5389E6F1-227A-455C-BBE3-296FD8F12377}.Debug|x86.ActiveCfg = Debug|Win32
		{5389E6F1-227A-455C-BBE3-296FD8F12377}.Debug|x86.Build.0 = Debug|Win32
		{5389E6F1-227A-455C-BBE3-296FD8F12377}.Release|x64.ActiveCfg = Release|x64
		{5389E6F1-227A-455C-BBE3-296FD8F12377}.Release|x64.Build.0 = Release|x64
		{5389E6F1-227A-455C-BBE3-296FD8F12377}.Release|x86.ActiveCfg = Release|Win32
		{5389E6F1-227A-455C-BBE3-296FD8F12377}.Release|x86.Build.0 = Release|Win32
	EndGlobalSection
	GlobalSection(SolutionProperties) = preSolution
		HideSolutionNode = FALSE
	EndGlobalSection
	GlobalSection(ExtensibilityGlobals) = postSolution
		SolutionGuid = {5961F9BA-65F8-4C3E-9B0A-86EAF94E1B7F}
	EndGlobalSection
EndGlobal
